// !$*UTF8*$!
{
	archiveVersion = 1;
	classes = {
	};
	objectVersion = 50;
	objects = {

/* Begin PBXBuildFile section */
		6636246325D2EBB3005DB885 /* AppDelegate.swift in Sources */ = {isa = PBXBuildFile; fileRef = 6636246225D2EBB3005DB885 /* AppDelegate.swift */; };
		6636246525D2EBB3005DB885 /* SceneDelegate.swift in Sources */ = {isa = PBXBuildFile; fileRef = 6636246425D2EBB3005DB885 /* SceneDelegate.swift */; };
		6636246A25D2EBB3005DB885 /* Main.storyboard in Resources */ = {isa = PBXBuildFile; fileRef = 6636246825D2EBB3005DB885 /* Main.storyboard */; };
		6636246C25D2EBB4005DB885 /* Assets.xcassets in Resources */ = {isa = PBXBuildFile; fileRef = 6636246B25D2EBB4005DB885 /* Assets.xcassets */; };
		6636246F25D2EBB4005DB885 /* LaunchScreen.storyboard in Resources */ = {isa = PBXBuildFile; fileRef = 6636246D25D2EBB4005DB885 /* LaunchScreen.storyboard */; };
		6636247925D2F4AA005DB885 /* MissedCallsController.swift in Sources */ = {isa = PBXBuildFile; fileRef = 6636247825D2F4AA005DB885 /* MissedCallsController.swift */; };
		6636248825D30AAD005DB885 /* MissedCallsCell.swift in Sources */ = {isa = PBXBuildFile; fileRef = 6636248725D30AAD005DB885 /* MissedCallsCell.swift */; };
		6636248D25D3324B005DB885 /* ClientsResponse.swift in Sources */ = {isa = PBXBuildFile; fileRef = 6636248C25D3324B005DB885 /* ClientsResponse.swift */; };
		6645B74E25D456A100986BAD /* NetworkDataFetcher.swift in Sources */ = {isa = PBXBuildFile; fileRef = 6645B74D25D456A100986BAD /* NetworkDataFetcher.swift */; };
		6645B75A25D533BD00986BAD /* MissedCall.swift in Sources */ = {isa = PBXBuildFile; fileRef = 6645B75925D533BD00986BAD /* MissedCall.swift */; };
		6645B75D25D5371900986BAD /* DecodeData.swift in Sources */ = {isa = PBXBuildFile; fileRef = 6645B75C25D5371900986BAD /* DecodeData.swift */; };
		6645B76025D5524400986BAD /* UIView+Extension.swift in Sources */ = {isa = PBXBuildFile; fileRef = 6645B75F25D5524400986BAD /* UIView+Extension.swift */; };
		6645B76325D5529A00986BAD /* UIViewController+Extension.swift in Sources */ = {isa = PBXBuildFile; fileRef = 6645B76225D5529A00986BAD /* UIViewController+Extension.swift */; };
		6645B76725D552C500986BAD /* String+Extension.swift in Sources */ = {isa = PBXBuildFile; fileRef = 6645B76625D552C500986BAD /* String+Extension.swift */; };
		6645B76A25D5531400986BAD /* DateFormatter+Extension.swift in Sources */ = {isa = PBXBuildFile; fileRef = 6645B76925D5531400986BAD /* DateFormatter+Extension.swift */; };
		6645B77325D58F5B00986BAD /* MissedCallViewModel.swift in Sources */ = {isa = PBXBuildFile; fileRef = 6645B77225D58F5B00986BAD /* MissedCallViewModel.swift */; };
		6645B77625D590FF00986BAD /* TableMissedCallViewModelType.swift in Sources */ = {isa = PBXBuildFile; fileRef = 6645B77525D590FF00986BAD /* TableMissedCallViewModelType.swift */; };
		6645B77925D591A400986BAD /* TableMissedCallViewModel.swift in Sources */ = {isa = PBXBuildFile; fileRef = 6645B77825D591A400986BAD /* TableMissedCallViewModel.swift */; };
/* End PBXBuildFile section */

/* Begin PBXFileReference section */
		6636245F25D2EBB3005DB885 /* MissedCalls.app */ = {isa = PBXFileReference; explicitFileType = wrapper.application; includeInIndex = 0; path = MissedCalls.app; sourceTree = BUILT_PRODUCTS_DIR; };
		6636246225D2EBB3005DB885 /* AppDelegate.swift */ = {isa = PBXFileReference; lastKnownFileType = sourcecode.swift; path = AppDelegate.swift; sourceTree = "<group>"; };
		6636246425D2EBB3005DB885 /* SceneDelegate.swift */ = {isa = PBXFileReference; lastKnownFileType = sourcecode.swift; path = SceneDelegate.swift; sourceTree = "<group>"; };
		6636246925D2EBB3005DB885 /* Base */ = {isa = PBXFileReference; lastKnownFileType = file.storyboard; name = Base; path = Base.lproj/Main.storyboard; sourceTree = "<group>"; };
		6636246B25D2EBB4005DB885 /* Assets.xcassets */ = {isa = PBXFileReference; lastKnownFileType = folder.assetcatalog; path = Assets.xcassets; sourceTree = "<group>"; };
		6636246E25D2EBB4005DB885 /* Base */ = {isa = PBXFileReference; lastKnownFileType = file.storyboard; name = Base; path = Base.lproj/LaunchScreen.storyboard; sourceTree = "<group>"; };
		6636247025D2EBB4005DB885 /* Info.plist */ = {isa = PBXFileReference; lastKnownFileType = text.plist.xml; path = Info.plist; sourceTree = "<group>"; };
		6636247825D2F4AA005DB885 /* MissedCallsController.swift */ = {isa = PBXFileReference; lastKnownFileType = sourcecode.swift; path = MissedCallsController.swift; sourceTree = "<group>"; };
		6636248725D30AAD005DB885 /* MissedCallsCell.swift */ = {isa = PBXFileReference; lastKnownFileType = sourcecode.swift; path = MissedCallsCell.swift; sourceTree = "<group>"; };
		6636248C25D3324B005DB885 /* ClientsResponse.swift */ = {isa = PBXFileReference; lastKnownFileType = sourcecode.swift; path = ClientsResponse.swift; sourceTree = "<group>"; };
		6645B74D25D456A100986BAD /* NetworkDataFetcher.swift */ = {isa = PBXFileReference; lastKnownFileType = sourcecode.swift; path = NetworkDataFetcher.swift; sourceTree = "<group>"; };
		6645B75925D533BD00986BAD /* MissedCall.swift */ = {isa = PBXFileReference; lastKnownFileType = sourcecode.swift; path = MissedCall.swift; sourceTree = "<group>"; };
		6645B75C25D5371900986BAD /* DecodeData.swift */ = {isa = PBXFileReference; lastKnownFileType = sourcecode.swift; path = DecodeData.swift; sourceTree = "<group>"; };
		6645B75F25D5524400986BAD /* UIView+Extension.swift */ = {isa = PBXFileReference; lastKnownFileType = sourcecode.swift; path = "UIView+Extension.swift"; sourceTree = "<group>"; };
		6645B76225D5529A00986BAD /* UIViewController+Extension.swift */ = {isa = PBXFileReference; lastKnownFileType = sourcecode.swift; path = "UIViewController+Extension.swift"; sourceTree = "<group>"; };
		6645B76625D552C500986BAD /* String+Extension.swift */ = {isa = PBXFileReference; lastKnownFileType = sourcecode.swift; path = "String+Extension.swift"; sourceTree = "<group>"; };
		6645B76925D5531400986BAD /* DateFormatter+Extension.swift */ = {isa = PBXFileReference; lastKnownFileType = sourcecode.swift; path = "DateFormatter+Extension.swift"; sourceTree = "<group>"; };
		6645B77225D58F5B00986BAD /* MissedCallViewModel.swift */ = {isa = PBXFileReference; lastKnownFileType = sourcecode.swift; path = MissedCallViewModel.swift; sourceTree = "<group>"; };
		6645B77525D590FF00986BAD /* TableMissedCallViewModelType.swift */ = {isa = PBXFileReference; lastKnownFileType = sourcecode.swift; path = TableMissedCallViewModelType.swift; sourceTree = "<group>"; };
		6645B77825D591A400986BAD /* TableMissedCallViewModel.swift */ = {isa = PBXFileReference; lastKnownFileType = sourcecode.swift; path = TableMissedCallViewModel.swift; sourceTree = "<group>"; };
/* End PBXFileReference section */

/* Begin PBXFrameworksBuildPhase section */
		6636245C25D2EBB3005DB885 /* Frameworks */ = {
			isa = PBXFrameworksBuildPhase;
			buildActionMask = 2147483647;
			files = (
			);
			runOnlyForDeploymentPostprocessing = 0;
		};
/* End PBXFrameworksBuildPhase section */

/* Begin PBXGroup section */
		6636245625D2EBB3005DB885 = {
			isa = PBXGroup;
			children = (
				6636246125D2EBB3005DB885 /* MissedCalls */,
				6636246025D2EBB3005DB885 /* Products */,
			);
			sourceTree = "<group>";
		};
		6636246025D2EBB3005DB885 /* Products */ = {
			isa = PBXGroup;
			children = (
				6636245F25D2EBB3005DB885 /* MissedCalls.app */,
			);
			name = Products;
			sourceTree = "<group>";
		};
		6636246125D2EBB3005DB885 /* MissedCalls */ = {
			isa = PBXGroup;
			children = (
				6636246225D2EBB3005DB885 /* AppDelegate.swift */,
				6636246425D2EBB3005DB885 /* SceneDelegate.swift */,
				6636247C25D2F4BD005DB885 /* Model */,
				6636247E25D2F502005DB885 /* View */,
				6636247F25D2F509005DB885 /* ViewModel */,
				6636247D25D2F4C6005DB885 /* Controller */,
				6636248125D2F519005DB885 /* Service */,
				6636248025D2F511005DB885 /* Helpers */,
				6636246825D2EBB3005DB885 /* Main.storyboard */,
				6636246B25D2EBB4005DB885 /* Assets.xcassets */,
				6636246D25D2EBB4005DB885 /* LaunchScreen.storyboard */,
				6636247025D2EBB4005DB885 /* Info.plist */,
			);
			path = MissedCalls;
			sourceTree = "<group>";
		};
		6636247C25D2F4BD005DB885 /* Model */ = {
			isa = PBXGroup;
			children = (
				6636248C25D3324B005DB885 /* ClientsResponse.swift */,
				6645B75925D533BD00986BAD /* MissedCall.swift */,
			);
			path = Model;
			sourceTree = "<group>";
		};
		6636247D25D2F4C6005DB885 /* Controller */ = {
			isa = PBXGroup;
			children = (
				6636247825D2F4AA005DB885 /* MissedCallsController.swift */,
			);
			path = Controller;
			sourceTree = "<group>";
		};
		6636247E25D2F502005DB885 /* View */ = {
			isa = PBXGroup;
			children = (
				6636248525D304C6005DB885 /* Cell */,
			);
			path = View;
			sourceTree = "<group>";
		};
		6636247F25D2F509005DB885 /* ViewModel */ = {
			isa = PBXGroup;
			children = (
				6645B77225D58F5B00986BAD /* MissedCallViewModel.swift */,
				6645B77825D591A400986BAD /* TableMissedCallViewModel.swift */,
			);
			path = ViewModel;
			sourceTree = "<group>";
		};
		6636248025D2F511005DB885 /* Helpers */ = {
			isa = PBXGroup;
			children = (
				6645B77025D559F200986BAD /* Protocols */,
				6645B76F25D559E200986BAD /* Extensions */,
			);
			path = Helpers;
			sourceTree = "<group>";
		};
		6636248125D2F519005DB885 /* Service */ = {
			isa = PBXGroup;
			children = (
				6645B74D25D456A100986BAD /* NetworkDataFetcher.swift */,
				6645B75C25D5371900986BAD /* DecodeData.swift */,
			);
			path = Service;
			sourceTree = "<group>";
		};
		6636248525D304C6005DB885 /* Cell */ = {
			isa = PBXGroup;
			children = (
				6636248725D30AAD005DB885 /* MissedCallsCell.swift */,
			);
			path = Cell;
			sourceTree = "<group>";
		};
		6645B76F25D559E200986BAD /* Extensions */ = {
			isa = PBXGroup;
			children = (
				6645B75F25D5524400986BAD /* UIView+Extension.swift */,
				6645B76225D5529A00986BAD /* UIViewController+Extension.swift */,
				6645B76625D552C500986BAD /* String+Extension.swift */,
				6645B76925D5531400986BAD /* DateFormatter+Extension.swift */,
			);
			path = Extensions;
			sourceTree = "<group>";
		};
		6645B77025D559F200986BAD /* Protocols */ = {
			isa = PBXGroup;
			children = (
				6645B77525D590FF00986BAD /* TableMissedCallViewModelType.swift */,
			);
			path = Protocols;
			sourceTree = "<group>";
		};
/* End PBXGroup section */

/* Begin PBXNativeTarget section */
		6636245E25D2EBB3005DB885 /* MissedCalls */ = {
			isa = PBXNativeTarget;
			buildConfigurationList = 6636247325D2EBB4005DB885 /* Build configuration list for PBXNativeTarget "MissedCalls" */;
			buildPhases = (
				6636245B25D2EBB3005DB885 /* Sources */,
				6636245C25D2EBB3005DB885 /* Frameworks */,
				6636245D25D2EBB3005DB885 /* Resources */,
			);
			buildRules = (
			);
			dependencies = (
			);
			name = MissedCalls;
			productName = MissedCalls;
			productReference = 6636245F25D2EBB3005DB885 /* MissedCalls.app */;
			productType = "com.apple.product-type.application";
		};
/* End PBXNativeTarget section */

/* Begin PBXProject section */
		6636245725D2EBB3005DB885 /* Project object */ = {
			isa = PBXProject;
			attributes = {
				LastSwiftUpdateCheck = 1240;
				LastUpgradeCheck = 1240;
				TargetAttributes = {
					6636245E25D2EBB3005DB885 = {
						CreatedOnToolsVersion = 12.4;
					};
				};
			};
			buildConfigurationList = 6636245A25D2EBB3005DB885 /* Build configuration list for PBXProject "MissedCalls" */;
			compatibilityVersion = "Xcode 9.3";
			developmentRegion = en;
			hasScannedForEncodings = 0;
			knownRegions = (
				en,
				Base,
			);
			mainGroup = 6636245625D2EBB3005DB885;
			productRefGroup = 6636246025D2EBB3005DB885 /* Products */;
			projectDirPath = "";
			projectRoot = "";
			targets = (
				6636245E25D2EBB3005DB885 /* MissedCalls */,
			);
		};
/* End PBXProject section */

/* Begin PBXResourcesBuildPhase section */
		6636245D25D2EBB3005DB885 /* Resources */ = {
			isa = PBXResourcesBuildPhase;
			buildActionMask = 2147483647;
			files = (
				6636246F25D2EBB4005DB885 /* LaunchScreen.storyboard in Resources */,
				6636246C25D2EBB4005DB885 /* Assets.xcassets in Resources */,
				6636246A25D2EBB3005DB885 /* Main.storyboard in Resources */,
			);
			runOnlyForDeploymentPostprocessing = 0;
		};
/* End PBXResourcesBuildPhase section */

/* Begin PBXSourcesBuildPhase section */
		6636245B25D2EBB3005DB885 /* Sources */ = {
			isa = PBXSourcesBuildPhase;
			buildActionMask = 2147483647;
			files = (
				6645B77625D590FF00986BAD /* TableMissedCallViewModelType.swift in Sources */,
				6636248D25D3324B005DB885 /* ClientsResponse.swift in Sources */,
				6645B76725D552C500986BAD /* String+Extension.swift in Sources */,
				6645B77925D591A400986BAD /* TableMissedCallViewModel.swift in Sources */,
				6645B76A25D5531400986BAD /* DateFormatter+Extension.swift in Sources */,
				6645B76325D5529A00986BAD /* UIViewController+Extension.swift in Sources */,
				6636246325D2EBB3005DB885 /* AppDelegate.swift in Sources */,
				6636247925D2F4AA005DB885 /* MissedCallsController.swift in Sources */,
				6645B77325D58F5B00986BAD /* MissedCallViewModel.swift in Sources */,
				6636246525D2EBB3005DB885 /* SceneDelegate.swift in Sources */,
				6645B75A25D533BD00986BAD /* MissedCall.swift in Sources */,
				6636248825D30AAD005DB885 /* MissedCallsCell.swift in Sources */,
				6645B74E25D456A100986BAD /* NetworkDataFetcher.swift in Sources */,
				6645B76025D5524400986BAD /* UIView+Extension.swift in Sources */,
				6645B75D25D5371900986BAD /* DecodeData.swift in Sources */,
			);
			runOnlyForDeploymentPostprocessing = 0;
		};
/* End PBXSourcesBuildPhase section */

/* Begin PBXVariantGroup section */
		6636246825D2EBB3005DB885 /* Main.storyboard */ = {
			isa = PBXVariantGroup;
			children = (
				6636246925D2EBB3005DB885 /* Base */,
			);
			name = Main.storyboard;
			sourceTree = "<group>";
		};
		6636246D25D2EBB4005DB885 /* LaunchScreen.storyboard */ = {
			isa = PBXVariantGroup;
			children = (
				6636246E25D2EBB4005DB885 /* Base */,
			);
			name = LaunchScreen.storyboard;
			sourceTree = "<group>";
		};
/* End PBXVariantGroup section */

/* Begin XCBuildConfiguration section */
		6636247125D2EBB4005DB885 /* Debug */ = {
			isa = XCBuildConfiguration;
			buildSettings = {
				ALWAYS_SEARCH_USER_PATHS = NO;
				CLANG_ANALYZER_NONNULL = YES;
				CLANG_ANALYZER_NUMBER_OBJECT_CONVERSION = YES_AGGRESSIVE;
				CLANG_CXX_LANGUAGE_STANDARD = "gnu++14";
				CLANG_CXX_LIBRARY = "libc++";
				CLANG_ENABLE_MODULES = YES;
				CLANG_ENABLE_OBJC_ARC = YES;
				CLANG_ENABLE_OBJC_WEAK = YES;
				CLANG_WARN_BLOCK_CAPTURE_AUTORELEASING = YES;
				CLANG_WARN_BOOL_CONVERSION = YES;
				CLANG_WARN_COMMA = YES;
				CLANG_WARN_CONSTANT_CONVERSION = YES;
				CLANG_WARN_DEPRECATED_OBJC_IMPLEMENTATIONS = YES;
				CLANG_WARN_DIRECT_OBJC_ISA_USAGE = YES_ERROR;
				CLANG_WARN_DOCUMENTATION_COMMENTS = YES;
				CLANG_WARN_EMPTY_BODY = YES;
				CLANG_WARN_ENUM_CONVERSION = YES;
				CLANG_WARN_INFINITE_RECURSION = YES;
				CLANG_WARN_INT_CONVERSION = YES;
				CLANG_WARN_NON_LITERAL_NULL_CONVERSION = YES;
				CLANG_WARN_OBJC_IMPLICIT_RETAIN_SELF = YES;
				CLANG_WARN_OBJC_LITERAL_CONVERSION = YES;
				CLANG_WARN_OBJC_ROOT_CLASS = YES_ERROR;
				CLANG_WARN_QUOTED_INCLUDE_IN_FRAMEWORK_HEADER = YES;
				CLANG_WARN_RANGE_LOOP_ANALYSIS = YES;
				CLANG_WARN_STRICT_PROTOTYPES = YES;
				CLANG_WARN_SUSPICIOUS_MOVE = YES;
				CLANG_WARN_UNGUARDED_AVAILABILITY = YES_AGGRESSIVE;
				CLANG_WARN_UNREACHABLE_CODE = YES;
				CLANG_WARN__DUPLICATE_METHOD_MATCH = YES;
				COPY_PHASE_STRIP = NO;
				DEBUG_INFORMATION_FORMAT = dwarf;
				ENABLE_STRICT_OBJC_MSGSEND = YES;
				ENABLE_TESTABILITY = YES;
				GCC_C_LANGUAGE_STANDARD = gnu11;
				GCC_DYNAMIC_NO_PIC = NO;
				GCC_NO_COMMON_BLOCKS = YES;
				GCC_OPTIMIZATION_LEVEL = 0;
				GCC_PREPROCESSOR_DEFINITIONS = (
					"DEBUG=1",
					"$(inherited)",
				);
				GCC_WARN_64_TO_32_BIT_CONVERSION = YES;
				GCC_WARN_ABOUT_RETURN_TYPE = YES_ERROR;
				GCC_WARN_UNDECLARED_SELECTOR = YES;
				GCC_WARN_UNINITIALIZED_AUTOS = YES_AGGRESSIVE;
				GCC_WARN_UNUSED_FUNCTION = YES;
				GCC_WARN_UNUSED_VARIABLE = YES;
				IPHONEOS_DEPLOYMENT_TARGET = 14.4;
				MTL_ENABLE_DEBUG_INFO = INCLUDE_SOURCE;
				MTL_FAST_MATH = YES;
				ONLY_ACTIVE_ARCH = YES;
				SDKROOT = iphoneos;
				SWIFT_ACTIVE_COMPILATION_CONDITIONS = DEBUG;
				SWIFT_OPTIMIZATION_LEVEL = "-Onone";
			};
			name = Debug;
		};
		6636247225D2EBB4005DB885 /* Release */ = {
			isa = XCBuildConfiguration;
			buildSettings = {
				ALWAYS_SEARCH_USER_PATHS = NO;
				CLANG_ANALYZER_NONNULL = YES;
				CLANG_ANALYZER_NUMBER_OBJECT_CONVERSION = YES_AGGRESSIVE;
				CLANG_CXX_LANGUAGE_STANDARD = "gnu++14";
				CLANG_CXX_LIBRARY = "libc++";
				CLANG_ENABLE_MODULES = YES;
				CLANG_ENABLE_OBJC_ARC = YES;
				CLANG_ENABLE_OBJC_WEAK = YES;
				CLANG_WARN_BLOCK_CAPTURE_AUTORELEASING = YES;
				CLANG_WARN_BOOL_CONVERSION = YES;
				CLANG_WARN_COMMA = YES;
				CLANG_WARN_CONSTANT_CONVERSION = YES;
				CLANG_WARN_DEPRECATED_OBJC_IMPLEMENTATIONS = YES;
				CLANG_WARN_DIRECT_OBJC_ISA_USAGE = YES_ERROR;
				CLANG_WARN_DOCUMENTATION_COMMENTS = YES;
				CLANG_WARN_EMPTY_BODY = YES;
				CLANG_WARN_ENUM_CONVERSION = YES;
				CLANG_WARN_INFINITE_RECURSION = YES;
				CLANG_WARN_INT_CONVERSION = YES;
				CLANG_WARN_NON_LITERAL_NULL_CONVERSION = YES;
				CLANG_WARN_OBJC_IMPLICIT_RETAIN_SELF = YES;
				CLANG_WARN_OBJC_LITERAL_CONVERSION = YES;
				CLANG_WARN_OBJC_ROOT_CLASS = YES_ERROR;
				CLANG_WARN_QUOTED_INCLUDE_IN_FRAMEWORK_HEADER = YES;
				CLANG_WARN_RANGE_LOOP_ANALYSIS = YES;
				CLANG_WARN_STRICT_PROTOTYPES = YES;
				CLANG_WARN_SUSPICIOUS_MOVE = YES;
				CLANG_WARN_UNGUARDED_AVAILABILITY = YES_AGGRESSIVE;
				CLANG_WARN_UNREACHABLE_CODE = YES;
				CLANG_WARN__DUPLICATE_METHOD_MATCH = YES;
				COPY_PHASE_STRIP = NO;
				DEBUG_INFORMATION_FORMAT = "dwarf-with-dsym";
				ENABLE_NS_ASSERTIONS = NO;
				ENABLE_STRICT_OBJC_MSGSEND = YES;
				GCC_C_LANGUAGE_STANDARD = gnu11;
				GCC_NO_COMMON_BLOCKS = YES;
				GCC_WARN_64_TO_32_BIT_CONVERSION = YES;
				GCC_WARN_ABOUT_RETURN_TYPE = YES_ERROR;
				GCC_WARN_UNDECLARED_SELECTOR = YES;
				GCC_WARN_UNINITIALIZED_AUTOS = YES_AGGRESSIVE;
				GCC_WARN_UNUSED_FUNCTION = YES;
				GCC_WARN_UNUSED_VARIABLE = YES;
				IPHONEOS_DEPLOYMENT_TARGET = 14.4;
				MTL_ENABLE_DEBUG_INFO = NO;
				MTL_FAST_MATH = YES;
				SDKROOT = iphoneos;
				SWIFT_COMPILATION_MODE = wholemodule;
				SWIFT_OPTIMIZATION_LEVEL = "-O";
				VALIDATE_PRODUCT = YES;
			};
			name = Release;
		};
		6636247425D2EBB4005DB885 /* Debug */ = {
			isa = XCBuildConfiguration;
			buildSettings = {
				ASSETCATALOG_COMPILER_APPICON_NAME = AppIcon;
				ASSETCATALOG_COMPILER_GLOBAL_ACCENT_COLOR_NAME = AccentColor;
				CODE_SIGN_STYLE = Automatic;
				DEVELOPMENT_TEAM = 5GWB2H668N;
				INFOPLIST_FILE = MissedCalls/Info.plist;
				IPHONEOS_DEPLOYMENT_TARGET = 13.0;
				LD_RUNPATH_SEARCH_PATHS = (
					"$(inherited)",
					"@executable_path/Frameworks",
				);
				PRODUCT_BUNDLE_IDENTIFIER = ru.zamprog.MissedCalls;
				PRODUCT_NAME = "$(TARGET_NAME)";
				SWIFT_VERSION = 5.0;
				TARGETED_DEVICE_FAMILY = 1;
			};
			name = Debug;
		};
		6636247525D2EBB4005DB885 /* Release */ = {
			isa = XCBuildConfiguration;
			buildSettings = {
				ASSETCATALOG_COMPILER_APPICON_NAME = AppIcon;
				ASSETCATALOG_COMPILER_GLOBAL_ACCENT_COLOR_NAME = AccentColor;
				CODE_SIGN_STYLE = Automatic;
				DEVELOPMENT_TEAM = 5GWB2H668N;
				INFOPLIST_FILE = MissedCalls/Info.plist;
				IPHONEOS_DEPLOYMENT_TARGET = 13.0;
				LD_RUNPATH_SEARCH_PATHS = (
					"$(inherited)",
					"@executable_path/Frameworks",
				);
				PRODUCT_BUNDLE_IDENTIFIER = ru.zamprog.MissedCalls;
				PRODUCT_NAME = "$(TARGET_NAME)";
				SWIFT_VERSION = 5.0;
				TARGETED_DEVICE_FAMILY = 1;
			};
			name = Release;
		};
/* End XCBuildConfiguration section */

/* Begin XCConfigurationList section */
		6636245A25D2EBB3005DB885 /* Build configuration list for PBXProject "MissedCalls" */ = {
			isa = XCConfigurationList;
			buildConfigurations = (
				6636247125D2EBB4005DB885 /* Debug */,
				6636247225D2EBB4005DB885 /* Release */,
			);
			defaultConfigurationIsVisible = 0;
			defaultConfigurationName = Release;
		};
		6636247325D2EBB4005DB885 /* Build configuration list for PBXNativeTarget "MissedCalls" */ = {
			isa = XCConfigurationList;
			buildConfigurations = (
				6636247425D2EBB4005DB885 /* Debug */,
				6636247525D2EBB4005DB885 /* Release */,
			);
			defaultConfigurationIsVisible = 0;
			defaultConfigurationName = Release;
		};
/* End XCConfigurationList section */
	};
	rootObject = 6636245725D2EBB3005DB885 /* Project object */;
}
